PODS:
  - facebook_auth_desktop (0.0.3):
    - FlutterMacOS
  - flutter_local_notifications (0.0.1):
    - FlutterMacOS
  - flutter_tts (0.0.1):
    - FlutterMacOS
  - FlutterMacOS (1.0.0)
  - purchases_flutter (8.11.0):
    - FlutterMacOS
    - PurchasesHybridCommon (= 14.3.0)
  - PurchasesHybridCommon (14.3.0):
    - RevenueCat (= 5.32.0)
  - RevenueCat (5.32.0)
  - sign_in_with_apple (0.0.1):
    - FlutterMacOS

DEPENDENCIES:
  - facebook_auth_desktop (from `Flutter/ephemeral/.symlinks/plugins/facebook_auth_desktop/macos`)
  - flutter_local_notifications (from `Flutter/ephemeral/.symlinks/plugins/flutter_local_notifications/macos`)
  - flutter_tts (from `Flutter/ephemeral/.symlinks/plugins/flutter_tts/macos`)
  - FlutterMacOS (from `Flutter/ephemeral`)
  - purchases_flutter (from `Flutter/ephemeral/.symlinks/plugins/purchases_flutter/macos`)
  - sign_in_with_apple (from `Flutter/ephemeral/.symlinks/plugins/sign_in_with_apple/macos`)

SPEC REPOS:
  trunk:
    - PurchasesHybridCommon
    - RevenueCat

EXTERNAL SOURCES:
  facebook_auth_desktop:
    :path: Flutter/ephemeral/.symlinks/plugins/facebook_auth_desktop/macos
  flutter_local_notifications:
    :path: Flutter/ephemeral/.symlinks/plugins/flutter_local_notifications/macos
  flutter_tts:
    :path: Flutter/ephemeral/.symlinks/plugins/flutter_tts/macos
  FlutterMacOS:
    :path: Flutter/ephemeral
  purchases_flutter:
    :path: Flutter/ephemeral/.symlinks/plugins/purchases_flutter/macos
  sign_in_with_apple:
    :path: Flutter/ephemeral/.symlinks/plugins/sign_in_with_apple/macos

SPEC CHECKSUMS:
  facebook_auth_desktop: bf89ccf460c903de45e86fa0c7878b8b62db65fb
  flutter_local_notifications: 7e5a17a1dbc00d83dc10d43c2c4c05f2ceed233c
  flutter_tts: ae915565cc6948444b513acc8ee021993281e027
  FlutterMacOS: d0db08ddef1a9af05a5ec4b724367152bb0500b1
  purchases_flutter: 7835f4491185946188319847e425ef71ac492971
  PurchasesHybridCommon: 7f0944cc5411bdcd1ea5d69affa6a6f9aaf87b13
  RevenueCat: 7e1d0768fb287c9983173c9b28e39ccbeeb828a9
  sign_in_with_apple: 6673c03c9e3643f6c8d33601943fbfa9ae99f94e

PODFILE CHECKSUM: 54d867c82ac51cbd61b565781b9fada492027009

COCOAPODS: 1.16.2
